
Microsoft Visual Studio Solution File, Format Version 12.00
# Visual Studio Version 17
VisualStudioVersion = 17.0.32014.148
MinimumVisualStudioVersion = 10.0.40219.1
Project("{FAE04EC0-301F-11D3-BF4B-00C04F79EFBC}") = "StudentManagementForm", "StudentManagementForm.csproj", "{B607A946-AE94-44FE-81D3-8486EC2D9C61}"
EndProject
Global
	GlobalSection(SolutionConfigurationPlatforms) = preSolution
		Debug|Any CPU = Debug|Any CPU
		Release|Any CPU = Release|Any CPU
	EndGlobalSection
	GlobalSection(ProjectConfigurationPlatforms) = postSolution
		{B607A946-AE94-44FE-81D3-8486EC2D9C61}.Debug|Any CPU.ActiveCfg = Debug|Any CPU
		{B607A946-AE94-44FE-81D3-8486EC2D9C61}.Debug|Any CPU.Build.0 = Debug|Any CPU
		{B607A946-AE94-44FE-81D3-8486EC2D9C61}.Release|Any CPU.ActiveCfg = Release|Any CPU
		{B607A946-AE94-44FE-81D3-8486EC2D9C61}.Release|Any CPU.Build.0 = Release|Any CPU
	EndGlobalSection
	GlobalSection(SolutionProperties) = preSolution
		HideSolutionNode = FALSE
	EndGlobalSection
	GlobalSection(ExtensibilityGlobals) = postSolution
		SolutionGuid = {1AAF4148-FE2C-4A0D-9E6A-176A4EAE8993}
	EndGlobalSection
EndGlobal
